
Microsoft Visual Studio Solution File, Format Version 12.00
# Visual Studio Version 17
VisualStudioVersion = 17.3.32929.385
MinimumVisualStudioVersion = 10.0.40219.1
Project("{8BC9CEB8-8B4A-11D0-8D11-00A0C91BC942}") = "Alpha Recolouring Tool", "Alpha Recolouring Tool\Alpha Recolouring Tool.vcxproj", "{811394F1-5A28-4F21-99F3-6FDC6019E6CE}"
EndProject
Global
	GlobalSection(SolutionConfigurationPlatforms) = preSolution
		Debug|x64 = Debug|x64
		Debug|x86 = Debug|x86
		GeneratePack|x64 = GeneratePack|x64
		GeneratePack|x86 = GeneratePack|x86
		Release|x64 = Release|x64
		Release|x86 = Release|x86
	EndGlobalSection
	GlobalSection(ProjectConfigurationPlatforms) = postSolution
		{811394F1-5A28-4F21-99F3-6FDC6019E6CE}.Debug|x64.ActiveCfg = Debug|x64
		{811394F1-5A28-4F21-99F3-6FDC6019E6CE}.Debug|x64.Build.0 = Debug|x64
		{811394F1-5A28-4F21-99F3-6FDC6019E6CE}.Debug|x86.ActiveCfg = Debug|Win32
		{811394F1-5A28-4F21-99F3-6FDC6019E6CE}.Debug|x86.Build.0 = Debug|Win32
		{811394F1-5A28-4F21-99F3-6FDC6019E6CE}.GeneratePack|x64.ActiveCfg = GeneratePack|x64
		{811394F1-5A28-4F21-99F3-6FDC6019E6CE}.GeneratePack|x64.Build.0 = GeneratePack|x64
		{811394F1-5A28-4F21-99F3-6FDC6019E6CE}.GeneratePack|x86.ActiveCfg = GeneratePack|Win32
		{811394F1-5A28-4F21-99F3-6FDC6019E6CE}.GeneratePack|x86.Build.0 = GeneratePack|Win32
		{811394F1-5A28-4F21-99F3-6FDC6019E6CE}.Release|x64.ActiveCfg = Release|x64
		{811394F1-5A28-4F21-99F3-6FDC6019E6CE}.Release|x64.Build.0 = Release|x64
		{811394F1-5A28-4F21-99F3-6FDC6019E6CE}.Release|x86.ActiveCfg = Release|Win32
		{811394F1-5A28-4F21-99F3-6FDC6019E6CE}.Release|x86.Build.0 = Release|Win32
	EndGlobalSection
	GlobalSection(SolutionProperties) = preSolution
		HideSolutionNode = FALSE
	EndGlobalSection
	GlobalSection(ExtensibilityGlobals) = postSolution
		SolutionGuid = {8C9E7A7A-3770-4F95-81AE-864E30B8CD94}
	EndGlobalSection
EndGlobal
